
Microsoft Visual Studio Solution File, Format Version 12.00
Project("{FAE04EC0-301F-11D3-BF4B-00C04F79EFBC}") = "Projekets", "Projekets\Projekets.csproj", "{2F4FBDE9-3CD2-4BFB-9DF7-691E37C9EBA0}"
EndProject
Project("{FAE04EC0-301F-11D3-BF4B-00C04F79EFBC}") = "Divisible.cs", "Divisible.cs\Divisible.cs.csproj", "{BEFCD376-F159-4B19-8A39-327D7081E122}"
EndProject
Project("{FAE04EC0-301F-11D3-BF4B-00C04F79EFBC}") = "Uppercase", "Uppercase\Uppercase.csproj", "{E18E2BFF-D7FF-4DA8-BB80-96EDB83CE496}"
EndProject
Project("{FAE04EC0-301F-11D3-BF4B-00C04F79EFBC}") = "third_one", "third_one\third_one.csproj", "{A18975F7-ED57-4981-BF79-5CC6B06D17AE}"
EndProject
Project("{FAE04EC0-301F-11D3-BF4B-00C04F79EFBC}") = "IF_Even", "IF_Even\IF_Even.csproj", "{001DB3A4-487F-4C0A-BE1D-AD5F5AACC460}"
EndProject
Project("{FAE04EC0-301F-11D3-BF4B-00C04F79EFBC}") = "if_sorted_asscending", "if_sorted_asscending\if_sorted_asscending.csproj", "{07087E28-78BB-46C7-BCEE-74A8C58EA5E4}"
EndProject
Project("{FAE04EC0-301F-11D3-BF4B-00C04F79EFBC}") = "Positive_negative_or_zero", "Positive_negative_or_zero\Positive_negative_or_zero.csproj", "{1AC8A639-60A9-44AF-ADB0-554F3AE58661}"
EndProject
Global
	GlobalSection(SolutionConfigurationPlatforms) = preSolution
		Debug|Any CPU = Debug|Any CPU
		Release|Any CPU = Release|Any CPU
	EndGlobalSection
	GlobalSection(ProjectConfigurationPlatforms) = postSolution
		{2F4FBDE9-3CD2-4BFB-9DF7-691E37C9EBA0}.Debug|Any CPU.ActiveCfg = Debug|Any CPU
		{2F4FBDE9-3CD2-4BFB-9DF7-691E37C9EBA0}.Debug|Any CPU.Build.0 = Debug|Any CPU
		{2F4FBDE9-3CD2-4BFB-9DF7-691E37C9EBA0}.Release|Any CPU.ActiveCfg = Release|Any CPU
		{2F4FBDE9-3CD2-4BFB-9DF7-691E37C9EBA0}.Release|Any CPU.Build.0 = Release|Any CPU
		{BEFCD376-F159-4B19-8A39-327D7081E122}.Debug|Any CPU.ActiveCfg = Debug|Any CPU
		{BEFCD376-F159-4B19-8A39-327D7081E122}.Debug|Any CPU.Build.0 = Debug|Any CPU
		{BEFCD376-F159-4B19-8A39-327D7081E122}.Release|Any CPU.ActiveCfg = Release|Any CPU
		{BEFCD376-F159-4B19-8A39-327D7081E122}.Release|Any CPU.Build.0 = Release|Any CPU
		{E18E2BFF-D7FF-4DA8-BB80-96EDB83CE496}.Debug|Any CPU.ActiveCfg = Debug|Any CPU
		{E18E2BFF-D7FF-4DA8-BB80-96EDB83CE496}.Debug|Any CPU.Build.0 = Debug|Any CPU
		{E18E2BFF-D7FF-4DA8-BB80-96EDB83CE496}.Release|Any CPU.ActiveCfg = Release|Any CPU
		{E18E2BFF-D7FF-4DA8-BB80-96EDB83CE496}.Release|Any CPU.Build.0 = Release|Any CPU
		{A18975F7-ED57-4981-BF79-5CC6B06D17AE}.Debug|Any CPU.ActiveCfg = Debug|Any CPU
		{A18975F7-ED57-4981-BF79-5CC6B06D17AE}.Debug|Any CPU.Build.0 = Debug|Any CPU
		{A18975F7-ED57-4981-BF79-5CC6B06D17AE}.Release|Any CPU.ActiveCfg = Release|Any CPU
		{A18975F7-ED57-4981-BF79-5CC6B06D17AE}.Release|Any CPU.Build.0 = Release|Any CPU
		{001DB3A4-487F-4C0A-BE1D-AD5F5AACC460}.Debug|Any CPU.ActiveCfg = Debug|Any CPU
		{001DB3A4-487F-4C0A-BE1D-AD5F5AACC460}.Debug|Any CPU.Build.0 = Debug|Any CPU
		{001DB3A4-487F-4C0A-BE1D-AD5F5AACC460}.Release|Any CPU.ActiveCfg = Release|Any CPU
		{001DB3A4-487F-4C0A-BE1D-AD5F5AACC460}.Release|Any CPU.Build.0 = Release|Any CPU
		{07087E28-78BB-46C7-BCEE-74A8C58EA5E4}.Debug|Any CPU.ActiveCfg = Debug|Any CPU
		{07087E28-78BB-46C7-BCEE-74A8C58EA5E4}.Debug|Any CPU.Build.0 = Debug|Any CPU
		{07087E28-78BB-46C7-BCEE-74A8C58EA5E4}.Release|Any CPU.ActiveCfg = Release|Any CPU
		{07087E28-78BB-46C7-BCEE-74A8C58EA5E4}.Release|Any CPU.Build.0 = Release|Any CPU
		{1AC8A639-60A9-44AF-ADB0-554F3AE58661}.Debug|Any CPU.ActiveCfg = Debug|Any CPU
		{1AC8A639-60A9-44AF-ADB0-554F3AE58661}.Debug|Any CPU.Build.0 = Debug|Any CPU
		{1AC8A639-60A9-44AF-ADB0-554F3AE58661}.Release|Any CPU.ActiveCfg = Release|Any CPU
		{1AC8A639-60A9-44AF-ADB0-554F3AE58661}.Release|Any CPU.Build.0 = Release|Any CPU
	EndGlobalSection
EndGlobal
